
Microsoft Visual Studio Solution File, Format Version 12.00
# Visual Studio Version 17
VisualStudioVersion = 17.14.36429.23 d17.14
MinimumVisualStudioVersion = 10.0.40219.1
Project("{8BC9CEB8-8B4A-11D0-8D11-00A0C91BC942}") = "task_142", "Project1\Project1.vcxproj", "{13AA39C7-FDED-4E63-AA35-78FACD3AD0B1}"
EndProject
Project("{8BC9CEB8-8B4A-11D0-8D11-00A0C91BC942}") = "task_143", "task_143\task_143.vcxproj", "{E8DB9F14-B236-4836-AC5A-39FBF222B53F}"
EndProject
Project("{8BC9CEB8-8B4A-11D0-8D11-00A0C91BC942}") = "task_144", "task_145\task_145.vcxproj", "{FE3C7B79-513C-4CFF-856F-BE089F3079E3}"
EndProject
Project("{8BC9CEB8-8B4A-11D0-8D11-00A0C91BC942}") = "task_145", "task_000\task_000.vcxproj", "{DF53B8F9-A6A0-412F-8A96-685379C239CE}"
EndProject
Project("{8BC9CEB8-8B4A-11D0-8D11-00A0C91BC942}") = "task_152", "task_152\task_152.vcxproj", "{7B1CD43E-D65C-4092-9E4C-532BCBE6E476}"
EndProject
Project("{8BC9CEB8-8B4A-11D0-8D11-00A0C91BC942}") = "task_146", "task_146\task_146.vcxproj", "{C8A5987B-70DF-4DC4-BAA2-27E03ED4BAB6}"
EndProject
Project("{8BC9CEB8-8B4A-11D0-8D11-00A0C91BC942}") = "task_2493", "task_2493\task_2493.vcxproj", "{2292944F-12DA-45BE-8B85-7C36F19D8FBE}"
EndProject
Project("{8BC9CEB8-8B4A-11D0-8D11-00A0C91BC942}") = "task_2495", "task_2495\task_2495.vcxproj", "{FEE25F70-8FF3-47D0-91DF-C19A50D12A33}"
EndProject
Project("{8BC9CEB8-8B4A-11D0-8D11-00A0C91BC942}") = "task_2496", "task_2496\task_2496.vcxproj", "{6B61E90A-76AA-4839-9C55-775A2F96DF88}"
EndProject
Project("{8BC9CEB8-8B4A-11D0-8D11-00A0C91BC942}") = "task_2497", "task_2497\task_2497.vcxproj", "{FE5CBABD-DA72-4528-97A2-ACCE151B64A4}"
EndProject
Project("{8BC9CEB8-8B4A-11D0-8D11-00A0C91BC942}") = "task_2498", "task_2498\task_2498.vcxproj", "{67F2B130-87FE-4BD9-9635-8702176DA19A}"
EndProject
Project("{8BC9CEB8-8B4A-11D0-8D11-00A0C91BC942}") = "task_2499", "task_2499\task_2499.vcxproj", "{46BD22C9-0155-41A2-9161-097B147D519D}"
EndProject
Project("{8BC9CEB8-8B4A-11D0-8D11-00A0C91BC942}") = "task_2500", "task_2500\task_2500.vcxproj", "{44BD77C9-97A5-4939-AE5C-8E6612145FC3}"
EndProject
Project("{8BC9CEB8-8B4A-11D0-8D11-00A0C91BC942}") = "task_147", "task_147\task_147.vcxproj", "{FB0AFAF5-E385-45C4-9809-234A0DE5F011}"
EndProject
Project("{8BC9CEB8-8B4A-11D0-8D11-00A0C91BC942}") = "task_153", "task_153\task_153.vcxproj", "{21389F5C-AC3B-43C8-81C4-0256A8EAA473}"
EndProject
Project("{8BC9CEB8-8B4A-11D0-8D11-00A0C91BC942}") = "task_154", "task_154\task_154.vcxproj", "{C03E377A-37A4-4484-AFF2-41F2E8F58CB7}"
EndProject
Project("{8BC9CEB8-8B4A-11D0-8D11-00A0C91BC942}") = "task_155", "task_155\task_155.vcxproj", "{011D6366-7250-4BFC-BD29-44A84C20764D}"
EndProject
Project("{8BC9CEB8-8B4A-11D0-8D11-00A0C91BC942}") = "task_151", "task_151\task_151.vcxproj", "{12A5B5A1-20DB-4700-AB4A-72AD19F1F495}"
EndProject
Project("{8BC9CEB8-8B4A-11D0-8D11-00A0C91BC942}") = "task_156", "task_156\task_156.vcxproj", "{B70332B7-B592-403B-8F4B-0840DDD4FDF6}"
EndProject
Project("{8BC9CEB8-8B4A-11D0-8D11-00A0C91BC942}") = "task_158", "task_158\task_158.vcxproj", "{37AE7BC5-3B6C-4566-84C9-7A7CE9B40991}"
EndProject
Project("{8BC9CEB8-8B4A-11D0-8D11-00A0C91BC942}") = "task_157", "task_157\task_157.vcxproj", "{D2747018-A8F0-4CFB-9DA7-F1B7C933CD97}"
EndProject
Project("{8BC9CEB8-8B4A-11D0-8D11-00A0C91BC942}") = "task_1436", "task_1436\task_1436.vcxproj", "{89C1BF33-10DD-4C20-99BC-041E772C004D}"
EndProject
Global
	GlobalSection(SolutionConfigurationPlatforms) = preSolution
		Debug|x64 = Debug|x64
		Debug|x86 = Debug|x86
		Release|x64 = Release|x64
		Release|x86 = Release|x86
	EndGlobalSection
	GlobalSection(ProjectConfigurationPlatforms) = postSolution
		{13AA39C7-FDED-4E63-AA35-78FACD3AD0B1}.Debug|x64.ActiveCfg = Debug|x64
		{13AA39C7-FDED-4E63-AA35-78FACD3AD0B1}.Debug|x64.Build.0 = Debug|x64
		{13AA39C7-FDED-4E63-AA35-78FACD3AD0B1}.Debug|x86.ActiveCfg = Debug|Win32
		{13AA39C7-FDED-4E63-AA35-78FACD3AD0B1}.Debug|x86.Build.0 = Debug|Win32
		{13AA39C7-FDED-4E63-AA35-78FACD3AD0B1}.Release|x64.ActiveCfg = Release|x64
		{13AA39C7-FDED-4E63-AA35-78FACD3AD0B1}.Release|x64.Build.0 = Release|x64
		{13AA39C7-FDED-4E63-AA35-78FACD3AD0B1}.Release|x86.ActiveCfg = Release|Win32
		{13AA39C7-FDED-4E63-AA35-78FACD3AD0B1}.Release|x86.Build.0 = Release|Win32
		{E8DB9F14-B236-4836-AC5A-39FBF222B53F}.Debug|x64.ActiveCfg = Debug|x64
		{E8DB9F14-B236-4836-AC5A-39FBF222B53F}.Debug|x64.Build.0 = Debug|x64
		{E8DB9F14-B236-4836-AC5A-39FBF222B53F}.Debug|x86.ActiveCfg = Debug|Win32
		{E8DB9F14-B236-4836-AC5A-39FBF222B53F}.Debug|x86.Build.0 = Debug|Win32
		{E8DB9F14-B236-4836-AC5A-39FBF222B53F}.Release|x64.ActiveCfg = Release|x64
		{E8DB9F14-B236-4836-AC5A-39FBF222B53F}.Release|x64.Build.0 = Release|x64
		{E8DB9F14-B236-4836-AC5A-39FBF222B53F}.Release|x86.ActiveCfg = Release|Win32
		{E8DB9F14-B236-4836-AC5A-39FBF222B53F}.Release|x86.Build.0 = Release|Win32
		{FE3C7B79-513C-4CFF-856F-BE089F3079E3}.Debug|x64.ActiveCfg = Debug|x64
		{FE3C7B79-513C-4CFF-856F-BE089F3079E3}.Debug|x64.Build.0 = Debug|x64
		{FE3C7B79-513C-4CFF-856F-BE089F3079E3}.Debug|x86.ActiveCfg = Debug|Win32
		{FE3C7B79-513C-4CFF-856F-BE089F3079E3}.Debug|x86.Build.0 = Debug|Win32
		{FE3C7B79-513C-4CFF-856F-BE089F3079E3}.Release|x64.ActiveCfg = Release|x64
		{FE3C7B79-513C-4CFF-856F-BE089F3079E3}.Release|x64.Build.0 = Release|x64
		{FE3C7B79-513C-4CFF-856F-BE089F3079E3}.Release|x86.ActiveCfg = Release|Win32
		{FE3C7B79-513C-4CFF-856F-BE089F3079E3}.Release|x86.Build.0 = Release|Win32
		{DF53B8F9-A6A0-412F-8A96-685379C239CE}.Debug|x64.ActiveCfg = Debug|x64
		{DF53B8F9-A6A0-412F-8A96-685379C239CE}.Debug|x64.Build.0 = Debug|x64
		{DF53B8F9-A6A0-412F-8A96-685379C239CE}.Debug|x86.ActiveCfg = Debug|Win32
		{DF53B8F9-A6A0-412F-8A96-685379C239CE}.Debug|x86.Build.0 = Debug|Win32
		{DF53B8F9-A6A0-412F-8A96-685379C239CE}.Release|x64.ActiveCfg = Release|x64
		{DF53B8F9-A6A0-412F-8A96-685379C239CE}.Release|x64.Build.0 = Release|x64
		{DF53B8F9-A6A0-412F-8A96-685379C239CE}.Release|x86.ActiveCfg = Release|Win32
		{DF53B8F9-A6A0-412F-8A96-685379C239CE}.Release|x86.Build.0 = Release|Win32
		{7B1CD43E-D65C-4092-9E4C-532BCBE6E476}.Debug|x64.ActiveCfg = Debug|x64
		{7B1CD43E-D65C-4092-9E4C-532BCBE6E476}.Debug|x64.Build.0 = Debug|x64
		{7B1CD43E-D65C-4092-9E4C-532BCBE6E476}.Debug|x86.ActiveCfg = Debug|Win32
		{7B1CD43E-D65C-4092-9E4C-532BCBE6E476}.Debug|x86.Build.0 = Debug|Win32
		{7B1CD43E-D65C-4092-9E4C-532BCBE6E476}.Release|x64.ActiveCfg = Release|x64
		{7B1CD43E-D65C-4092-9E4C-532BCBE6E476}.Release|x64.Build.0 = Release|x64
		{7B1CD43E-D65C-4092-9E4C-532BCBE6E476}.Release|x86.ActiveCfg = Release|Win32
		{7B1CD43E-D65C-4092-9E4C-532BCBE6E476}.Release|x86.Build.0 = Release|Win32
		{C8A5987B-70DF-4DC4-BAA2-27E03ED4BAB6}.Debug|x64.ActiveCfg = Debug|x64
		{C8A5987B-70DF-4DC4-BAA2-27E03ED4BAB6}.Debug|x64.Build.0 = Debug|x64
		{C8A5987B-70DF-4DC4-BAA2-27E03ED4BAB6}.Debug|x86.ActiveCfg = Debug|Win32
		{C8A5987B-70DF-4DC4-BAA2-27E03ED4BAB6}.Debug|x86.Build.0 = Debug|Win32
		{C8A5987B-70DF-4DC4-BAA2-27E03ED4BAB6}.Release|x64.ActiveCfg = Release|x64
		{C8A5987B-70DF-4DC4-BAA2-27E03ED4BAB6}.Release|x64.Build.0 = Release|x64
		{C8A5987B-70DF-4DC4-BAA2-27E03ED4BAB6}.Release|x86.ActiveCfg = Release|Win32
		{C8A5987B-70DF-4DC4-BAA2-27E03ED4BAB6}.Release|x86.Build.0 = Release|Win32
		{2292944F-12DA-45BE-8B85-7C36F19D8FBE}.Debug|x64.ActiveCfg = Debug|x64
		{2292944F-12DA-45BE-8B85-7C36F19D8FBE}.Debug|x64.Build.0 = Debug|x64
		{2292944F-12DA-45BE-8B85-7C36F19D8FBE}.Debug|x86.ActiveCfg = Debug|Win32
		{2292944F-12DA-45BE-8B85-7C36F19D8FBE}.Debug|x86.Build.0 = Debug|Win32
		{2292944F-12DA-45BE-8B85-7C36F19D8FBE}.Release|x64.ActiveCfg = Release|x64
		{2292944F-12DA-45BE-8B85-7C36F19D8FBE}.Release|x64.Build.0 = Release|x64
		{2292944F-12DA-45BE-8B85-7C36F19D8FBE}.Release|x86.ActiveCfg = Release|Win32
		{2292944F-12DA-45BE-8B85-7C36F19D8FBE}.Release|x86.Build.0 = Release|Win32
		{FEE25F70-8FF3-47D0-91DF-C19A50D12A33}.Debug|x64.ActiveCfg = Debug|x64
		{FEE25F70-8FF3-47D0-91DF-C19A50D12A33}.Debug|x64.Build.0 = Debug|x64
		{FEE25F70-8FF3-47D0-91DF-C19A50D12A33}.Debug|x86.ActiveCfg = Debug|Win32
		{FEE25F70-8FF3-47D0-91DF-C19A50D12A33}.Debug|x86.Build.0 = Debug|Win32
		{FEE25F70-8FF3-47D0-91DF-C19A50D12A33}.Release|x64.ActiveCfg = Release|x64
		{FEE25F70-8FF3-47D0-91DF-C19A50D12A33}.Release|x64.Build.0 = Release|x64
		{FEE25F70-8FF3-47D0-91DF-C19A50D12A33}.Release|x86.ActiveCfg = Release|Win32
		{FEE25F70-8FF3-47D0-91DF-C19A50D12A33}.Release|x86.Build.0 = Release|Win32
		{6B61E90A-76AA-4839-9C55-775A2F96DF88}.Debug|x64.ActiveCfg = Debug|x64
		{6B61E90A-76AA-4839-9C55-775A2F96DF88}.Debug|x64.Build.0 = Debug|x64
		{6B61E90A-76AA-4839-9C55-775A2F96DF88}.Debug|x86.ActiveCfg = Debug|Win32
		{6B61E90A-76AA-4839-9C55-775A2F96DF88}.Debug|x86.Build.0 = Debug|Win32
		{6B61E90A-76AA-4839-9C55-775A2F96DF88}.Release|x64.ActiveCfg = Release|x64
		{6B61E90A-76AA-4839-9C55-775A2F96DF88}.Release|x64.Build.0 = Release|x64
		{6B61E90A-76AA-4839-9C55-775A2F96DF88}.Release|x86.ActiveCfg = Release|Win32
		{6B61E90A-76AA-4839-9C55-775A2F96DF88}.Release|x86.Build.0 = Release|Win32
		{FE5CBABD-DA72-4528-97A2-ACCE151B64A4}.Debug|x64.ActiveCfg = Debug|x64
		{FE5CBABD-DA72-4528-97A2-ACCE151B64A4}.Debug|x64.Build.0 = Debug|x64
		{FE5CBABD-DA72-4528-97A2-ACCE151B64A4}.Debug|x86.ActiveCfg = Debug|Win32
		{FE5CBABD-DA72-4528-97A2-ACCE151B64A4}.Debug|x86.Build.0 = Debug|Win32
		{FE5CBABD-DA72-4528-97A2-ACCE151B64A4}.Release|x64.ActiveCfg = Release|x64
		{FE5CBABD-DA72-4528-97A2-ACCE151B64A4}.Release|x64.Build.0 = Release|x64
		{FE5CBABD-DA72-4528-97A2-ACCE151B64A4}.Release|x86.ActiveCfg = Release|Win32
		{FE5CBABD-DA72-4528-97A2-ACCE151B64A4}.Release|x86.Build.0 = Release|Win32
		{67F2B130-87FE-4BD9-9635-8702176DA19A}.Debug|x64.ActiveCfg = Debug|x64
		{67F2B130-87FE-4BD9-9635-8702176DA19A}.Debug|x64.Build.0 = Debug|x64
		{67F2B130-87FE-4BD9-9635-8702176DA19A}.Debug|x86.ActiveCfg = Debug|Win32
		{67F2B130-87FE-4BD9-9635-8702176DA19A}.Debug|x86.Build.0 = Debug|Win32
		{67F2B130-87FE-4BD9-9635-8702176DA19A}.Release|x64.ActiveCfg = Release|x64
		{67F2B130-87FE-4BD9-9635-8702176DA19A}.Release|x64.Build.0 = Release|x64
		{67F2B130-87FE-4BD9-9635-8702176DA19A}.Release|x86.ActiveCfg = Release|Win32
		{67F2B130-87FE-4BD9-9635-8702176DA19A}.Release|x86.Build.0 = Release|Win32
		{46BD22C9-0155-41A2-9161-097B147D519D}.Debug|x64.ActiveCfg = Debug|x64
		{46BD22C9-0155-41A2-9161-097B147D519D}.Debug|x64.Build.0 = Debug|x64
		{46BD22C9-0155-41A2-9161-097B147D519D}.Debug|x86.ActiveCfg = Debug|Win32
		{46BD22C9-0155-41A2-9161-097B147D519D}.Debug|x86.Build.0 = Debug|Win32
		{46BD22C9-0155-41A2-9161-097B147D519D}.Release|x64.ActiveCfg = Release|x64
		{46BD22C9-0155-41A2-9161-097B147D519D}.Release|x64.Build.0 = Release|x64
		{46BD22C9-0155-41A2-9161-097B147D519D}.Release|x86.ActiveCfg = Release|Win32
		{46BD22C9-0155-41A2-9161-097B147D519D}.Release|x86.Build.0 = Release|Win32
		{44BD77C9-97A5-4939-AE5C-8E6612145FC3}.Debug|x64.ActiveCfg = Debug|x64
		{44BD77C9-97A5-4939-AE5C-8E6612145FC3}.Debug|x64.Build.0 = Debug|x64
		{44BD77C9-97A5-4939-AE5C-8E6612145FC3}.Debug|x86.ActiveCfg = Debug|Win32
		{44BD77C9-97A5-4939-AE5C-8E6612145FC3}.Debug|x86.Build.0 = Debug|Win32
		{44BD77C9-97A5-4939-AE5C-8E6612145FC3}.Release|x64.ActiveCfg = Release|x64
		{44BD77C9-97A5-4939-AE5C-8E6612145FC3}.Release|x64.Build.0 = Release|x64
		{44BD77C9-97A5-4939-AE5C-8E6612145FC3}.Release|x86.ActiveCfg = Release|Win32
		{44BD77C9-97A5-4939-AE5C-8E6612145FC3}.Release|x86.Build.0 = Release|Win32
		{FB0AFAF5-E385-45C4-9809-234A0DE5F011}.Debug|x64.ActiveCfg = Debug|x64
		{FB0AFAF5-E385-45C4-9809-234A0DE5F011}.Debug|x64.Build.0 = Debug|x64
		{FB0AFAF5-E385-45C4-9809-234A0DE5F011}.Debug|x86.ActiveCfg = Debug|Win32
		{FB0AFAF5-E385-45C4-9809-234A0DE5F011}.Debug|x86.Build.0 = Debug|Win32
		{FB0AFAF5-E385-45C4-9809-234A0DE5F011}.Release|x64.ActiveCfg = Release|x64
		{FB0AFAF5-E385-45C4-9809-234A0DE5F011}.Release|x64.Build.0 = Release|x64
		{FB0AFAF5-E385-45C4-9809-234A0DE5F011}.Release|x86.ActiveCfg = Release|Win32
		{FB0AFAF5-E385-45C4-9809-234A0DE5F011}.Release|x86.Build.0 = Release|Win32
		{21389F5C-AC3B-43C8-81C4-0256A8EAA473}.Debug|x64.ActiveCfg = Debug|x64
		{21389F5C-AC3B-43C8-81C4-0256A8EAA473}.Debug|x64.Build.0 = Debug|x64
		{21389F5C-AC3B-43C8-81C4-0256A8EAA473}.Debug|x86.ActiveCfg = Debug|Win32
		{21389F5C-AC3B-43C8-81C4-0256A8EAA473}.Debug|x86.Build.0 = Debug|Win32
		{21389F5C-AC3B-43C8-81C4-0256A8EAA473}.Release|x64.ActiveCfg = Release|x64
		{21389F5C-AC3B-43C8-81C4-0256A8EAA473}.Release|x64.Build.0 = Release|x64
		{21389F5C-AC3B-43C8-81C4-0256A8EAA473}.Release|x86.ActiveCfg = Release|Win32
		{21389F5C-AC3B-43C8-81C4-0256A8EAA473}.Release|x86.Build.0 = Release|Win32
		{C03E377A-37A4-4484-AFF2-41F2E8F58CB7}.Debug|x64.ActiveCfg = Debug|x64
		{C03E377A-37A4-4484-AFF2-41F2E8F58CB7}.Debug|x64.Build.0 = Debug|x64
		{C03E377A-37A4-4484-AFF2-41F2E8F58CB7}.Debug|x86.ActiveCfg = Debug|Win32
		{C03E377A-37A4-4484-AFF2-41F2E8F58CB7}.Debug|x86.Build.0 = Debug|Win32
		{C03E377A-37A4-4484-AFF2-41F2E8F58CB7}.Release|x64.ActiveCfg = Release|x64
		{C03E377A-37A4-4484-AFF2-41F2E8F58CB7}.Release|x64.Build.0 = Release|x64
		{C03E377A-37A4-4484-AFF2-41F2E8F58CB7}.Release|x86.ActiveCfg = Release|Win32
		{C03E377A-37A4-4484-AFF2-41F2E8F58CB7}.Release|x86.Build.0 = Release|Win32
		{011D6366-7250-4BFC-BD29-44A84C20764D}.Debug|x64.ActiveCfg = Debug|x64
		{011D6366-7250-4BFC-BD29-44A84C20764D}.Debug|x64.Build.0 = Debug|x64
		{011D6366-7250-4BFC-BD29-44A84C20764D}.Debug|x86.ActiveCfg = Debug|Win32
		{011D6366-7250-4BFC-BD29-44A84C20764D}.Debug|x86.Build.0 = Debug|Win32
		{011D6366-7250-4BFC-BD29-44A84C20764D}.Release|x64.ActiveCfg = Release|x64
		{011D6366-7250-4BFC-BD29-44A84C20764D}.Release|x64.Build.0 = Release|x64
		{011D6366-7250-4BFC-BD29-44A84C20764D}.Release|x86.ActiveCfg = Release|Win32
		{011D6366-7250-4BFC-BD29-44A84C20764D}.Release|x86.Build.0 = Release|Win32
		{12A5B5A1-20DB-4700-AB4A-72AD19F1F495}.Debug|x64.ActiveCfg = Debug|x64
		{12A5B5A1-20DB-4700-AB4A-72AD19F1F495}.Debug|x64.Build.0 = Debug|x64
		{12A5B5A1-20DB-4700-AB4A-72AD19F1F495}.Debug|x86.ActiveCfg = Debug|Win32
		{12A5B5A1-20DB-4700-AB4A-72AD19F1F495}.Debug|x86.Build.0 = Debug|Win32
		{12A5B5A1-20DB-4700-AB4A-72AD19F1F495}.Release|x64.ActiveCfg = Release|x64
		{12A5B5A1-20DB-4700-AB4A-72AD19F1F495}.Release|x64.Build.0 = Release|x64
		{12A5B5A1-20DB-4700-AB4A-72AD19F1F495}.Release|x86.ActiveCfg = Release|Win32
		{12A5B5A1-20DB-4700-AB4A-72AD19F1F495}.Release|x86.Build.0 = Release|Win32
		{B70332B7-B592-403B-8F4B-0840DDD4FDF6}.Debug|x64.ActiveCfg = Debug|x64
		{B70332B7-B592-403B-8F4B-0840DDD4FDF6}.Debug|x64.Build.0 = Debug|x64
		{B70332B7-B592-403B-8F4B-0840DDD4FDF6}.Debug|x86.ActiveCfg = Debug|Win32
		{B70332B7-B592-403B-8F4B-0840DDD4FDF6}.Debug|x86.Build.0 = Debug|Win32
		{B70332B7-B592-403B-8F4B-0840DDD4FDF6}.Release|x64.ActiveCfg = Release|x64
		{B70332B7-B592-403B-8F4B-0840DDD4FDF6}.Release|x64.Build.0 = Release|x64
		{B70332B7-B592-403B-8F4B-0840DDD4FDF6}.Release|x86.ActiveCfg = Release|Win32
		{B70332B7-B592-403B-8F4B-0840DDD4FDF6}.Release|x86.Build.0 = Release|Win32
		{37AE7BC5-3B6C-4566-84C9-7A7CE9B40991}.Debug|x64.ActiveCfg = Debug|x64
		{37AE7BC5-3B6C-4566-84C9-7A7CE9B40991}.Debug|x64.Build.0 = Debug|x64
		{37AE7BC5-3B6C-4566-84C9-7A7CE9B40991}.Debug|x86.ActiveCfg = Debug|Win32
		{37AE7BC5-3B6C-4566-84C9-7A7CE9B40991}.Debug|x86.Build.0 = Debug|Win32
		{37AE7BC5-3B6C-4566-84C9-7A7CE9B40991}.Release|x64.ActiveCfg = Release|x64
		{37AE7BC5-3B6C-4566-84C9-7A7CE9B40991}.Release|x64.Build.0 = Release|x64
		{37AE7BC5-3B6C-4566-84C9-7A7CE9B40991}.Release|x86.ActiveCfg = Release|Win32
		{37AE7BC5-3B6C-4566-84C9-7A7CE9B40991}.Release|x86.Build.0 = Release|Win32
		{D2747018-A8F0-4CFB-9DA7-F1B7C933CD97}.Debug|x64.ActiveCfg = Debug|x64
		{D2747018-A8F0-4CFB-9DA7-F1B7C933CD97}.Debug|x64.Build.0 = Debug|x64
		{D2747018-A8F0-4CFB-9DA7-F1B7C933CD97}.Debug|x86.ActiveCfg = Debug|Win32
		{D2747018-A8F0-4CFB-9DA7-F1B7C933CD97}.Debug|x86.Build.0 = Debug|Win32
		{D2747018-A8F0-4CFB-9DA7-F1B7C933CD97}.Release|x64.ActiveCfg = Release|x64
		{D2747018-A8F0-4CFB-9DA7-F1B7C933CD97}.Release|x64.Build.0 = Release|x64
		{D2747018-A8F0-4CFB-9DA7-F1B7C933CD97}.Release|x86.ActiveCfg = Release|Win32
		{D2747018-A8F0-4CFB-9DA7-F1B7C933CD97}.Release|x86.Build.0 = Release|Win32
		{89C1BF33-10DD-4C20-99BC-041E772C004D}.Debug|x64.ActiveCfg = Debug|x64
		{89C1BF33-10DD-4C20-99BC-041E772C004D}.Debug|x64.Build.0 = Debug|x64
		{89C1BF33-10DD-4C20-99BC-041E772C004D}.Debug|x86.ActiveCfg = Debug|Win32
		{89C1BF33-10DD-4C20-99BC-041E772C004D}.Debug|x86.Build.0 = Debug|Win32
		{89C1BF33-10DD-4C20-99BC-041E772C004D}.Release|x64.ActiveCfg = Release|x64
		{89C1BF33-10DD-4C20-99BC-041E772C004D}.Release|x64.Build.0 = Release|x64
		{89C1BF33-10DD-4C20-99BC-041E772C004D}.Release|x86.ActiveCfg = Release|Win32
		{89C1BF33-10DD-4C20-99BC-041E772C004D}.Release|x86.Build.0 = Release|Win32
	EndGlobalSection
	GlobalSection(SolutionProperties) = preSolution
		HideSolutionNode = FALSE
	EndGlobalSection
	GlobalSection(ExtensibilityGlobals) = postSolution
		SolutionGuid = {E0E5B052-671A-46CD-BA1C-D0A093F228FA}
	EndGlobalSection
EndGlobal
