
Microsoft Visual Studio Solution File, Format Version 12.00
# Visual Studio Version 17
VisualStudioVersion = 17.14.36429.23 d17.14
MinimumVisualStudioVersion = 10.0.40219.1
Project("{8BC9CEB8-8B4A-11D0-8D11-00A0C91BC942}") = "02.12.2025 - Test 2", "02.12.2025 - Test 2\02.12.2025 - Test 2.vcxproj", "{D79DCC35-E921-4B81-A59B-056F8E9F6D2F}"
EndProject
Global
	GlobalSection(SolutionConfigurationPlatforms) = preSolution
		Debug|x64 = Debug|x64
		Debug|x86 = Debug|x86
		Release|x64 = Release|x64
		Release|x86 = Release|x86
	EndGlobalSection
	GlobalSection(ProjectConfigurationPlatforms) = postSolution
		{D79DCC35-E921-4B81-A59B-056F8E9F6D2F}.Debug|x64.ActiveCfg = Debug|x64
		{D79DCC35-E921-4B81-A59B-056F8E9F6D2F}.Debug|x64.Build.0 = Debug|x64
		{D79DCC35-E921-4B81-A59B-056F8E9F6D2F}.Debug|x86.ActiveCfg = Debug|Win32
		{D79DCC35-E921-4B81-A59B-056F8E9F6D2F}.Debug|x86.Build.0 = Debug|Win32
		{D79DCC35-E921-4B81-A59B-056F8E9F6D2F}.Release|x64.ActiveCfg = Release|x64
		{D79DCC35-E921-4B81-A59B-056F8E9F6D2F}.Release|x64.Build.0 = Release|x64
		{D79DCC35-E921-4B81-A59B-056F8E9F6D2F}.Release|x86.ActiveCfg = Release|Win32
		{D79DCC35-E921-4B81-A59B-056F8E9F6D2F}.Release|x86.Build.0 = Release|Win32
	EndGlobalSection
	GlobalSection(SolutionProperties) = preSolution
		HideSolutionNode = FALSE
	EndGlobalSection
	GlobalSection(ExtensibilityGlobals) = postSolution
		SolutionGuid = {8A28292C-6294-4BB8-91DB-22C6316A8919}
	EndGlobalSection
EndGlobal
