
Microsoft Visual Studio Solution File, Format Version 12.00
# Visual Studio Version 17
VisualStudioVersion = 17.14.36429.23
MinimumVisualStudioVersion = 10.0.40219.1
Project("{8BC9CEB8-8B4A-11D0-8D11-00A0C91BC942}") = "task_306", "task_306\task_306.vcxproj", "{2E3B9756-DF71-4D96-B6A7-6EC6663C249A}"
EndProject
Project("{8BC9CEB8-8B4A-11D0-8D11-00A0C91BC942}") = "task 307", "task 307\task 307.vcxproj", "{345174D6-D5A1-41F7-8BEE-BDD2C58382A4}"
EndProject
Project("{8BC9CEB8-8B4A-11D0-8D11-00A0C91BC942}") = "task 309", "task 309\task 309.vcxproj", "{489CA9A0-E4E0-49A9-A5CB-398D41F387BE}"
EndProject
Project("{8BC9CEB8-8B4A-11D0-8D11-00A0C91BC942}") = "task 310", "task 310\task 310.vcxproj", "{DC2DEAAE-4EF6-4D21-8852-5129F03E1012}"
EndProject
Project("{8BC9CEB8-8B4A-11D0-8D11-00A0C91BC942}") = "task 252", "task 252\task 252.vcxproj", "{ED1AF0E6-C1BF-4916-A28A-101FDAB9ABEE}"
EndProject
Project("{8BC9CEB8-8B4A-11D0-8D11-00A0C91BC942}") = "task 311", "task 311\task 311.vcxproj", "{77A6BA57-5FF1-4C23-A9D4-32E2AC8D129C}"
EndProject
Project("{8BC9CEB8-8B4A-11D0-8D11-00A0C91BC942}") = "task 312", "task 312\task 312.vcxproj", "{F83D09D3-C143-4386-B15A-4CB7D4E39A16}"
EndProject
Project("{8BC9CEB8-8B4A-11D0-8D11-00A0C91BC942}") = "task 313", "task 313\task 313.vcxproj", "{7085615D-1704-4778-8060-DC2FCC938E7B}"
EndProject
Project("{8BC9CEB8-8B4A-11D0-8D11-00A0C91BC942}") = "task 314", "task 314\task 314.vcxproj", "{01B3579B-7E78-4360-A42A-196B43DA2813}"
EndProject
Global
	GlobalSection(SolutionConfigurationPlatforms) = preSolution
		Debug|x64 = Debug|x64
		Debug|x86 = Debug|x86
		Release|x64 = Release|x64
		Release|x86 = Release|x86
	EndGlobalSection
	GlobalSection(ProjectConfigurationPlatforms) = postSolution
		{2E3B9756-DF71-4D96-B6A7-6EC6663C249A}.Debug|x64.ActiveCfg = Debug|x64
		{2E3B9756-DF71-4D96-B6A7-6EC6663C249A}.Debug|x64.Build.0 = Debug|x64
		{2E3B9756-DF71-4D96-B6A7-6EC6663C249A}.Debug|x86.ActiveCfg = Debug|Win32
		{2E3B9756-DF71-4D96-B6A7-6EC6663C249A}.Debug|x86.Build.0 = Debug|Win32
		{2E3B9756-DF71-4D96-B6A7-6EC6663C249A}.Release|x64.ActiveCfg = Release|x64
		{2E3B9756-DF71-4D96-B6A7-6EC6663C249A}.Release|x64.Build.0 = Release|x64
		{2E3B9756-DF71-4D96-B6A7-6EC6663C249A}.Release|x86.ActiveCfg = Release|Win32
		{2E3B9756-DF71-4D96-B6A7-6EC6663C249A}.Release|x86.Build.0 = Release|Win32
		{345174D6-D5A1-41F7-8BEE-BDD2C58382A4}.Debug|x64.ActiveCfg = Debug|x64
		{345174D6-D5A1-41F7-8BEE-BDD2C58382A4}.Debug|x64.Build.0 = Debug|x64
		{345174D6-D5A1-41F7-8BEE-BDD2C58382A4}.Debug|x86.ActiveCfg = Debug|Win32
		{345174D6-D5A1-41F7-8BEE-BDD2C58382A4}.Debug|x86.Build.0 = Debug|Win32
		{345174D6-D5A1-41F7-8BEE-BDD2C58382A4}.Release|x64.ActiveCfg = Release|x64
		{345174D6-D5A1-41F7-8BEE-BDD2C58382A4}.Release|x64.Build.0 = Release|x64
		{345174D6-D5A1-41F7-8BEE-BDD2C58382A4}.Release|x86.ActiveCfg = Release|Win32
		{345174D6-D5A1-41F7-8BEE-BDD2C58382A4}.Release|x86.Build.0 = Release|Win32
		{489CA9A0-E4E0-49A9-A5CB-398D41F387BE}.Debug|x64.ActiveCfg = Debug|x64
		{489CA9A0-E4E0-49A9-A5CB-398D41F387BE}.Debug|x64.Build.0 = Debug|x64
		{489CA9A0-E4E0-49A9-A5CB-398D41F387BE}.Debug|x86.ActiveCfg = Debug|Win32
		{489CA9A0-E4E0-49A9-A5CB-398D41F387BE}.Debug|x86.Build.0 = Debug|Win32
		{489CA9A0-E4E0-49A9-A5CB-398D41F387BE}.Release|x64.ActiveCfg = Release|x64
		{489CA9A0-E4E0-49A9-A5CB-398D41F387BE}.Release|x64.Build.0 = Release|x64
		{489CA9A0-E4E0-49A9-A5CB-398D41F387BE}.Release|x86.ActiveCfg = Release|Win32
		{489CA9A0-E4E0-49A9-A5CB-398D41F387BE}.Release|x86.Build.0 = Release|Win32
		{DC2DEAAE-4EF6-4D21-8852-5129F03E1012}.Debug|x64.ActiveCfg = Debug|x64
		{DC2DEAAE-4EF6-4D21-8852-5129F03E1012}.Debug|x64.Build.0 = Debug|x64
		{DC2DEAAE-4EF6-4D21-8852-5129F03E1012}.Debug|x86.ActiveCfg = Debug|Win32
		{DC2DEAAE-4EF6-4D21-8852-5129F03E1012}.Debug|x86.Build.0 = Debug|Win32
		{DC2DEAAE-4EF6-4D21-8852-5129F03E1012}.Release|x64.ActiveCfg = Release|x64
		{DC2DEAAE-4EF6-4D21-8852-5129F03E1012}.Release|x64.Build.0 = Release|x64
		{DC2DEAAE-4EF6-4D21-8852-5129F03E1012}.Release|x86.ActiveCfg = Release|Win32
		{DC2DEAAE-4EF6-4D21-8852-5129F03E1012}.Release|x86.Build.0 = Release|Win32
		{ED1AF0E6-C1BF-4916-A28A-101FDAB9ABEE}.Debug|x64.ActiveCfg = Debug|x64
		{ED1AF0E6-C1BF-4916-A28A-101FDAB9ABEE}.Debug|x64.Build.0 = Debug|x64
		{ED1AF0E6-C1BF-4916-A28A-101FDAB9ABEE}.Debug|x86.ActiveCfg = Debug|Win32
		{ED1AF0E6-C1BF-4916-A28A-101FDAB9ABEE}.Debug|x86.Build.0 = Debug|Win32
		{ED1AF0E6-C1BF-4916-A28A-101FDAB9ABEE}.Release|x64.ActiveCfg = Release|x64
		{ED1AF0E6-C1BF-4916-A28A-101FDAB9ABEE}.Release|x64.Build.0 = Release|x64
		{ED1AF0E6-C1BF-4916-A28A-101FDAB9ABEE}.Release|x86.ActiveCfg = Release|Win32
		{ED1AF0E6-C1BF-4916-A28A-101FDAB9ABEE}.Release|x86.Build.0 = Release|Win32
		{77A6BA57-5FF1-4C23-A9D4-32E2AC8D129C}.Debug|x64.ActiveCfg = Debug|x64
		{77A6BA57-5FF1-4C23-A9D4-32E2AC8D129C}.Debug|x64.Build.0 = Debug|x64
		{77A6BA57-5FF1-4C23-A9D4-32E2AC8D129C}.Debug|x86.ActiveCfg = Debug|Win32
		{77A6BA57-5FF1-4C23-A9D4-32E2AC8D129C}.Debug|x86.Build.0 = Debug|Win32
		{77A6BA57-5FF1-4C23-A9D4-32E2AC8D129C}.Release|x64.ActiveCfg = Release|x64
		{77A6BA57-5FF1-4C23-A9D4-32E2AC8D129C}.Release|x64.Build.0 = Release|x64
		{77A6BA57-5FF1-4C23-A9D4-32E2AC8D129C}.Release|x86.ActiveCfg = Release|Win32
		{77A6BA57-5FF1-4C23-A9D4-32E2AC8D129C}.Release|x86.Build.0 = Release|Win32
		{F83D09D3-C143-4386-B15A-4CB7D4E39A16}.Debug|x64.ActiveCfg = Debug|x64
		{F83D09D3-C143-4386-B15A-4CB7D4E39A16}.Debug|x64.Build.0 = Debug|x64
		{F83D09D3-C143-4386-B15A-4CB7D4E39A16}.Debug|x86.ActiveCfg = Debug|Win32
		{F83D09D3-C143-4386-B15A-4CB7D4E39A16}.Debug|x86.Build.0 = Debug|Win32
		{F83D09D3-C143-4386-B15A-4CB7D4E39A16}.Release|x64.ActiveCfg = Release|x64
		{F83D09D3-C143-4386-B15A-4CB7D4E39A16}.Release|x64.Build.0 = Release|x64
		{F83D09D3-C143-4386-B15A-4CB7D4E39A16}.Release|x86.ActiveCfg = Release|Win32
		{F83D09D3-C143-4386-B15A-4CB7D4E39A16}.Release|x86.Build.0 = Release|Win32
		{7085615D-1704-4778-8060-DC2FCC938E7B}.Debug|x64.ActiveCfg = Debug|x64
		{7085615D-1704-4778-8060-DC2FCC938E7B}.Debug|x64.Build.0 = Debug|x64
		{7085615D-1704-4778-8060-DC2FCC938E7B}.Debug|x86.ActiveCfg = Debug|Win32
		{7085615D-1704-4778-8060-DC2FCC938E7B}.Debug|x86.Build.0 = Debug|Win32
		{7085615D-1704-4778-8060-DC2FCC938E7B}.Release|x64.ActiveCfg = Release|x64
		{7085615D-1704-4778-8060-DC2FCC938E7B}.Release|x64.Build.0 = Release|x64
		{7085615D-1704-4778-8060-DC2FCC938E7B}.Release|x86.ActiveCfg = Release|Win32
		{7085615D-1704-4778-8060-DC2FCC938E7B}.Release|x86.Build.0 = Release|Win32
		{01B3579B-7E78-4360-A42A-196B43DA2813}.Debug|x64.ActiveCfg = Debug|x64
		{01B3579B-7E78-4360-A42A-196B43DA2813}.Debug|x64.Build.0 = Debug|x64
		{01B3579B-7E78-4360-A42A-196B43DA2813}.Debug|x86.ActiveCfg = Debug|Win32
		{01B3579B-7E78-4360-A42A-196B43DA2813}.Debug|x86.Build.0 = Debug|Win32
		{01B3579B-7E78-4360-A42A-196B43DA2813}.Release|x64.ActiveCfg = Release|x64
		{01B3579B-7E78-4360-A42A-196B43DA2813}.Release|x64.Build.0 = Release|x64
		{01B3579B-7E78-4360-A42A-196B43DA2813}.Release|x86.ActiveCfg = Release|Win32
		{01B3579B-7E78-4360-A42A-196B43DA2813}.Release|x86.Build.0 = Release|Win32
	EndGlobalSection
	GlobalSection(SolutionProperties) = preSolution
		HideSolutionNode = FALSE
	EndGlobalSection
	GlobalSection(ExtensibilityGlobals) = postSolution
		SolutionGuid = {CAC1E952-0369-498E-AA72-1BC8C8C5A2F7}
	EndGlobalSection
EndGlobal
